Microsoft Visual Studio Solution File, Format Version 12.00
# Visual Studio 14
VisualStudioVersion = 14.0.23107.0
MinimumVisualStudioVersion = 10.0.40219.1
Project("{2150E333-8FDC-42A3-9474-1A3956D46DE8}") = "SignalR", "SignalR", "{45106C92-5F91-4835-9626-E80B507035F4}"
EndProject
Project("{2150E333-8FDC-42A3-9474-1A3956D46DE8}") = "Clients", "Clients", "{7B1A83E2-66A3-40CE-8F33-C28B9388B4F8}"
EndProject
Project("{FAE04EC0-301F-11D3-BF4B-00C04F79EFBC}") = "SignalR.Core.Server", "SignalR\Core\SignalR.Core.Server\SignalR.Core.Server.csproj", "{A9D807B7-8496-4A9F-8309-2708F10C431B}"
EndProject
Project("{FAE04EC0-301F-11D3-BF4B-00C04F79EFBC}") = "SignalR.Core.Client", "SignalR\Core\SignalR.Core.Client\SignalR.Core.Client.csproj", "{1D9258DE-19E1-45BD-B18B-51AC46D1B96C}"
EndProject
Project("{FAE04EC0-301F-11D3-BF4B-00C04F79EFBC}") = "ServiceProcess.Helpers", "SignalR\Core\ServiceProcess.Helpers\ServiceProcess.Helpers.csproj", "{59BC7605-809F-4420-B2B6-72C4B9F48907}"
EndProject
Project("{2150E333-8FDC-42A3-9474-1A3956D46DE8}") = "Solution Items", "Solution Items", "{1955837A-7EBA-40B9-BA71-2C8F82AB1D79}"
	ProjectSection(SolutionItems) = preProject
		Solution Items\Auto Run Service.bat = Solution Items\Auto Run Service.bat
		Solution Items\DeleteSignalRService.bat = Solution Items\DeleteSignalRService.bat
		Solution Items\InstallSignalRService.bat = Solution Items\InstallSignalRService.bat
		LICENSE = LICENSE
		README.md = README.md
		Solution Items\RunServiceOnWPF.bat = Solution Items\RunServiceOnWPF.bat
		Solution Items\UninstallSignalRService.bat = Solution Items\UninstallSignalRService.bat
	EndProjectSection
EndProject
Project("{FAE04EC0-301F-11D3-BF4B-00C04F79EFBC}") = "WinFormClient", "SignalR\Clients\WinFormClient\WinFormClient.csproj", "{7C5C6561-7CAE-40FF-91ED-54D598AAC283}"
EndProject
Project("{2150E333-8FDC-42A3-9474-1A3956D46DE8}") = "Components", "Components", "{A0486E54-CA18-4628-84E4-0F52B2B77D00}"
EndProject
Project("{FAE04EC0-301F-11D3-BF4B-00C04F79EFBC}") = "Windows.Forms.ImageBox", "SignalR\Components\Windows.Forms.ImageBox\Windows.Forms.ImageBox.csproj", "{4159C8D3-C18D-4BED-8BE6-9BAD1B0CA4F6}"
EndProject
Project("{FAE04EC0-301F-11D3-BF4B-00C04F79EFBC}") = "Windows.Forms.HintTextBox", "SignalR\Components\Windows.Forms.HintTextBox\Windows.Forms.HintTextBox.csproj", "{CD5DA55B-C69B-45C7-AEFE-C9F4990CD873}"
EndProject
Project("{2150E333-8FDC-42A3-9474-1A3956D46DE8}") = ".nuget", ".nuget", "{E5AE730D-5489-4635-AAF1-E5F2779384E8}"
	ProjectSection(SolutionItems) = preProject
		.nuget\NuGet.Config = .nuget\NuGet.Config
		.nuget\NuGet.exe = .nuget\NuGet.exe
		.nuget\NuGet.targets = .nuget\NuGet.targets
	EndProjectSection
EndProject
Project("{FAE04EC0-301F-11D3-BF4B-00C04F79EFBC}") = "FastColoredTextBox", "SignalR\Components\FastColoredTextBox\FastColoredTextBox.csproj", "{6DD14A85-CCFC-4774-BD26-0F5772512319}"
EndProject
Project("{FAE04EC0-301F-11D3-BF4B-00C04F79EFBC}") = "ClientsController", "SignalR\Clients\ClientsController\ClientsController.csproj", "{BD7DA59E-3036-4DAF-BCA9-F90710DCE441}"
EndProject
Project("{FAE04EC0-301F-11D3-BF4B-00C04F79EFBC}") = "SignalR.Core", "SignalR\Core\SignalR.Core\SignalR.Core.csproj", "{448C0BF8-8F02-4BB8-9FE2-6AE262AAEF91}"
EndProject
Global
	GlobalSection(SolutionConfigurationPlatforms) = preSolution
		Debug|Any CPU = Debug|Any CPU
		Debug|Mixed Platforms = Debug|Mixed Platforms
		Debug|x86 = Debug|x86
		Release 3.0|Any CPU = Release 3.0|Any CPU
		Release 3.0|Mixed Platforms = Release 3.0|Mixed Platforms
		Release 3.0|x86 = Release 3.0|x86
		Release 3.5|Any CPU = Release 3.5|Any CPU
		Release 3.5|Mixed Platforms = Release 3.5|Mixed Platforms
		Release 3.5|x86 = Release 3.5|x86
		Release 4.0|Any CPU = Release 4.0|Any CPU
		Release 4.0|Mixed Platforms = Release 4.0|Mixed Platforms
		Release 4.0|x86 = Release 4.0|x86
		Release 4.5|Any CPU = Release 4.5|Any CPU
		Release 4.5|Mixed Platforms = Release 4.5|Mixed Platforms
		Release 4.5|x86 = Release 4.5|x86
		Release|Any CPU = Release|Any CPU
		Release|Mixed Platforms = Release|Mixed Platforms
		Release|x86 = Release|x86
	EndGlobalSection
	GlobalSection(ProjectConfigurationPlatforms) = postSolution
		{A9D807B7-8496-4A9F-8309-2708F10C431B}.Debug|Any CPU.ActiveCfg = Debug|x86
		{A9D807B7-8496-4A9F-8309-2708F10C431B}.Debug|Mixed Platforms.ActiveCfg = Debug|x86
		{A9D807B7-8496-4A9F-8309-2708F10C431B}.Debug|Mixed Platforms.Build.0 = Debug|x86
		{A9D807B7-8496-4A9F-8309-2708F10C431B}.Debug|x86.ActiveCfg = Debug|x86
		{A9D807B7-8496-4A9F-8309-2708F10C431B}.Debug|x86.Build.0 = Debug|x86
		{A9D807B7-8496-4A9F-8309-2708F10C431B}.Release 3.0|Any CPU.ActiveCfg = Release|x86
		{A9D807B7-8496-4A9F-8309-2708F10C431B}.Release 3.0|Mixed Platforms.ActiveCfg = Release|x86
		{A9D807B7-8496-4A9F-8309-2708F10C431B}.Release 3.0|Mixed Platforms.Build.0 = Release|x86
		{A9D807B7-8496-4A9F-8309-2708F10C431B}.Release 3.0|x86.ActiveCfg = Release|x86
		{A9D807B7-8496-4A9F-8309-2708F10C431B}.Release 3.0|x86.Build.0 = Release|x86
		{A9D807B7-8496-4A9F-8309-2708F10C431B}.Release 3.5|Any CPU.ActiveCfg = Release|x86
		{A9D807B7-8496-4A9F-8309-2708F10C431B}.Release 3.5|Mixed Platforms.ActiveCfg = Release|x86
		{A9D807B7-8496-4A9F-8309-2708F10C431B}.Release 3.5|Mixed Platforms.Build.0 = Release|x86
		{A9D807B7-8496-4A9F-8309-2708F10C431B}.Release 3.5|x86.ActiveCfg = Release|x86
		{A9D807B7-8496-4A9F-8309-2708F10C431B}.Release 3.5|x86.Build.0 = Release|x86
		{A9D807B7-8496-4A9F-8309-2708F10C431B}.Release 4.0|Any CPU.ActiveCfg = Release|x86
		{A9D807B7-8496-4A9F-8309-2708F10C431B}.Release 4.0|Mixed Platforms.ActiveCfg = Release|x86
		{A9D807B7-8496-4A9F-8309-2708F10C431B}.Release 4.0|Mixed Platforms.Build.0 = Release|x86
		{A9D807B7-8496-4A9F-8309-2708F10C431B}.Release 4.0|x86.ActiveCfg = Release|x86
		{A9D807B7-8496-4A9F-8309-2708F10C431B}.Release 4.0|x86.Build.0 = Release|x86
		{A9D807B7-8496-4A9F-8309-2708F10C431B}.Release 4.5|Any CPU.ActiveCfg = Release|x86
		{A9D807B7-8496-4A9F-8309-2708F10C431B}.Release 4.5|Mixed Platforms.ActiveCfg = Release|x86
		{A9D807B7-8496-4A9F-8309-2708F10C431B}.Release 4.5|Mixed Platforms.Build.0 = Release|x86
		{A9D807B7-8496-4A9F-8309-2708F10C431B}.Release 4.5|x86.ActiveCfg = Release|x86
		{A9D807B7-8496-4A9F-8309-2708F10C431B}.Release 4.5|x86.Build.0 = Release|x86
		{A9D807B7-8496-4A9F-8309-2708F10C431B}.Release|Any CPU.ActiveCfg = Release|x86
		{A9D807B7-8496-4A9F-8309-2708F10C431B}.Release|Mixed Platforms.ActiveCfg = Release|x86
		{A9D807B7-8496-4A9F-8309-2708F10C431B}.Release|Mixed Platforms.Build.0 = Release|x86
		{A9D807B7-8496-4A9F-8309-2708F10C431B}.Release|x86.ActiveCfg = Release|x86
		{A9D807B7-8496-4A9F-8309-2708F10C431B}.Release|x86.Build.0 = Release|x86
		{1D9258DE-19E1-45BD-B18B-51AC46D1B96C}.Debug|Any CPU.ActiveCfg = Debug|Any CPU
		{1D9258DE-19E1-45BD-B18B-51AC46D1B96C}.Debug|Any CPU.Build.0 = Debug|Any CPU
		{1D9258DE-19E1-45BD-B18B-51AC46D1B96C}.Debug|Mixed Platforms.ActiveCfg = Debug|Any CPU
		{1D9258DE-19E1-45BD-B18B-51AC46D1B96C}.Debug|Mixed Platforms.Build.0 = Debug|Any CPU
		{1D9258DE-19E1-45BD-B18B-51AC46D1B96C}.Debug|x86.ActiveCfg = Debug|Any CPU
		{1D9258DE-19E1-45BD-B18B-51AC46D1B96C}.Release 3.0|Any CPU.ActiveCfg = Release|Any CPU
		{1D9258DE-19E1-45BD-B18B-51AC46D1B96C}.Release 3.0|Any CPU.Build.0 = Release|Any CPU
		{1D9258DE-19E1-45BD-B18B-51AC46D1B96C}.Release 3.0|Mixed Platforms.ActiveCfg = Release|Any CPU
		{1D9258DE-19E1-45BD-B18B-51AC46D1B96C}.Release 3.0|Mixed Platforms.Build.0 = Release|Any CPU
		{1D9258DE-19E1-45BD-B18B-51AC46D1B96C}.Release 3.0|x86.ActiveCfg = Release|Any CPU
		{1D9258DE-19E1-45BD-B18B-51AC46D1B96C}.Release 3.5|Any CPU.ActiveCfg = Release|Any CPU
		{1D9258DE-19E1-45BD-B18B-51AC46D1B96C}.Release 3.5|Any CPU.Build.0 = Release|Any CPU
		{1D9258DE-19E1-45BD-B18B-51AC46D1B96C}.Release 3.5|Mixed Platforms.ActiveCfg = Release|Any CPU
		{1D9258DE-19E1-45BD-B18B-51AC46D1B96C}.Release 3.5|Mixed Platforms.Build.0 = Release|Any CPU
		{1D9258DE-19E1-45BD-B18B-51AC46D1B96C}.Release 3.5|x86.ActiveCfg = Release|Any CPU
		{1D9258DE-19E1-45BD-B18B-51AC46D1B96C}.Release 4.0|Any CPU.ActiveCfg = Release|Any CPU
		{1D9258DE-19E1-45BD-B18B-51AC46D1B96C}.Release 4.0|Any CPU.Build.0 = Release|Any CPU
		{1D9258DE-19E1-45BD-B18B-51AC46D1B96C}.Release 4.0|Mixed Platforms.ActiveCfg = Release|Any CPU
		{1D9258DE-19E1-45BD-B18B-51AC46D1B96C}.Release 4.0|Mixed Platforms.Build.0 = Release|Any CPU
		{1D9258DE-19E1-45BD-B18B-51AC46D1B96C}.Release 4.0|x86.ActiveCfg = Release|Any CPU
		{1D9258DE-19E1-45BD-B18B-51AC46D1B96C}.Release 4.5|Any CPU.ActiveCfg = Release|Any CPU
		{1D9258DE-19E1-45BD-B18B-51AC46D1B96C}.Release 4.5|Any CPU.Build.0 = Release|Any CPU
		{1D9258DE-19E1-45BD-B18B-51AC46D1B96C}.Release 4.5|Mixed Platforms.ActiveCfg = Release|Any CPU
		{1D9258DE-19E1-45BD-B18B-51AC46D1B96C}.Release 4.5|Mixed Platforms.Build.0 = Release|Any CPU
		{1D9258DE-19E1-45BD-B18B-51AC46D1B96C}.Release 4.5|x86.ActiveCfg = Release|Any CPU
		{1D9258DE-19E1-45BD-B18B-51AC46D1B96C}.Release|Any CPU.ActiveCfg = Release|Any CPU
		{1D9258DE-19E1-45BD-B18B-51AC46D1B96C}.Release|Any CPU.Build.0 = Release|Any CPU
		{1D9258DE-19E1-45BD-B18B-51AC46D1B96C}.Release|Mixed Platforms.ActiveCfg = Release|Any CPU
		{1D9258DE-19E1-45BD-B18B-51AC46D1B96C}.Release|Mixed Platforms.Build.0 = Release|Any CPU
		{1D9258DE-19E1-45BD-B18B-51AC46D1B96C}.Release|x86.ActiveCfg = Release|Any CPU
		{59BC7605-809F-4420-B2B6-72C4B9F48907}.Debug|Any CPU.ActiveCfg = Debug|Any CPU
		{59BC7605-809F-4420-B2B6-72C4B9F48907}.Debug|Any CPU.Build.0 = Debug|Any CPU
		{59BC7605-809F-4420-B2B6-72C4B9F48907}.Debug|Mixed Platforms.ActiveCfg = Debug|Any CPU
		{59BC7605-809F-4420-B2B6-72C4B9F48907}.Debug|Mixed Platforms.Build.0 = Debug|Any CPU
		{59BC7605-809F-4420-B2B6-72C4B9F48907}.Debug|x86.ActiveCfg = Debug|Any CPU
		{59BC7605-809F-4420-B2B6-72C4B9F48907}.Release 3.0|Any CPU.ActiveCfg = Release|Any CPU
		{59BC7605-809F-4420-B2B6-72C4B9F48907}.Release 3.0|Any CPU.Build.0 = Release|Any CPU
		{59BC7605-809F-4420-B2B6-72C4B9F48907}.Release 3.0|Mixed Platforms.ActiveCfg = Release|Any CPU
		{59BC7605-809F-4420-B2B6-72C4B9F48907}.Release 3.0|Mixed Platforms.Build.0 = Release|Any CPU
		{59BC7605-809F-4420-B2B6-72C4B9F48907}.Release 3.0|x86.ActiveCfg = Release|Any CPU
		{59BC7605-809F-4420-B2B6-72C4B9F48907}.Release 3.5|Any CPU.ActiveCfg = Release|Any CPU
		{59BC7605-809F-4420-B2B6-72C4B9F48907}.Release 3.5|Any CPU.Build.0 = Release|Any CPU
		{59BC7605-809F-4420-B2B6-72C4B9F48907}.Release 3.5|Mixed Platforms.ActiveCfg = Release|Any CPU
		{59BC7605-809F-4420-B2B6-72C4B9F48907}.Release 3.5|Mixed Platforms.Build.0 = Release|Any CPU
		{59BC7605-809F-4420-B2B6-72C4B9F48907}.Release 3.5|x86.ActiveCfg = Release|Any CPU
		{59BC7605-809F-4420-B2B6-72C4B9F48907}.Release 4.0|Any CPU.ActiveCfg = Release|Any CPU
		{59BC7605-809F-4420-B2B6-72C4B9F48907}.Release 4.0|Any CPU.Build.0 = Release|Any CPU
		{59BC7605-809F-4420-B2B6-72C4B9F48907}.Release 4.0|Mixed Platforms.ActiveCfg = Release|Any CPU
		{59BC7605-809F-4420-B2B6-72C4B9F48907}.Release 4.0|Mixed Platforms.Build.0 = Release|Any CPU
		{59BC7605-809F-4420-B2B6-72C4B9F48907}.Release 4.0|x86.ActiveCfg = Release|Any CPU
		{59BC7605-809F-4420-B2B6-72C4B9F48907}.Release 4.5|Any CPU.ActiveCfg = Release|Any CPU
		{59BC7605-809F-4420-B2B6-72C4B9F48907}.Release 4.5|Any CPU.Build.0 = Release|Any CPU
		{59BC7605-809F-4420-B2B6-72C4B9F48907}.Release 4.5|Mixed Platforms.ActiveCfg = Release|Any CPU
		{59BC7605-809F-4420-B2B6-72C4B9F48907}.Release 4.5|Mixed Platforms.Build.0 = Release|Any CPU
		{59BC7605-809F-4420-B2B6-72C4B9F48907}.Release 4.5|x86.ActiveCfg = Release|Any CPU
		{59BC7605-809F-4420-B2B6-72C4B9F48907}.Release|Any CPU.ActiveCfg = Release|Any CPU
		{59BC7605-809F-4420-B2B6-72C4B9F48907}.Release|Any CPU.Build.0 = Release|Any CPU
		{59BC7605-809F-4420-B2B6-72C4B9F48907}.Release|Mixed Platforms.ActiveCfg = Release|Any CPU
		{59BC7605-809F-4420-B2B6-72C4B9F48907}.Release|Mixed Platforms.Build.0 = Release|Any CPU
		{59BC7605-809F-4420-B2B6-72C4B9F48907}.Release|x86.ActiveCfg = Release|Any CPU
		{7C5C6561-7CAE-40FF-91ED-54D598AAC283}.Debug|Any CPU.ActiveCfg = Debug|Any CPU
		{7C5C6561-7CAE-40FF-91ED-54D598AAC283}.Debug|Any CPU.Build.0 = Debug|Any CPU
		{7C5C6561-7CAE-40FF-91ED-54D598AAC283}.Debug|Mixed Platforms.ActiveCfg = Debug|Any CPU
		{7C5C6561-7CAE-40FF-91ED-54D598AAC283}.Debug|Mixed Platforms.Build.0 = Debug|Any CPU
		{7C5C6561-7CAE-40FF-91ED-54D598AAC283}.Debug|x86.ActiveCfg = Debug|Any CPU
		{7C5C6561-7CAE-40FF-91ED-54D598AAC283}.Release 3.0|Any CPU.ActiveCfg = Release|Any CPU
		{7C5C6561-7CAE-40FF-91ED-54D598AAC283}.Release 3.0|Any CPU.Build.0 = Release|Any CPU
		{7C5C6561-7CAE-40FF-91ED-54D598AAC283}.Release 3.0|Mixed Platforms.ActiveCfg = Release|Any CPU
		{7C5C6561-7CAE-40FF-91ED-54D598AAC283}.Release 3.0|Mixed Platforms.Build.0 = Release|Any CPU
		{7C5C6561-7CAE-40FF-91ED-54D598AAC283}.Release 3.0|x86.ActiveCfg = Release|Any CPU
		{7C5C6561-7CAE-40FF-91ED-54D598AAC283}.Release 3.5|Any CPU.ActiveCfg = Release|Any CPU
		{7C5C6561-7CAE-40FF-91ED-54D598AAC283}.Release 3.5|Any CPU.Build.0 = Release|Any CPU
		{7C5C6561-7CAE-40FF-91ED-54D598AAC283}.Release 3.5|Mixed Platforms.ActiveCfg = Release|Any CPU
		{7C5C6561-7CAE-40FF-91ED-54D598AAC283}.Release 3.5|Mixed Platforms.Build.0 = Release|Any CPU
		{7C5C6561-7CAE-40FF-91ED-54D598AAC283}.Release 3.5|x86.ActiveCfg = Release|Any CPU
		{7C5C6561-7CAE-40FF-91ED-54D598AAC283}.Release 4.0|Any CPU.ActiveCfg = Release|Any CPU
		{7C5C6561-7CAE-40FF-91ED-54D598AAC283}.Release 4.0|Any CPU.Build.0 = Release|Any CPU
		{7C5C6561-7CAE-40FF-91ED-54D598AAC283}.Release 4.0|Mixed Platforms.ActiveCfg = Release|Any CPU
		{7C5C6561-7CAE-40FF-91ED-54D598AAC283}.Release 4.0|Mixed Platforms.Build.0 = Release|Any CPU
		{7C5C6561-7CAE-40FF-91ED-54D598AAC283}.Release 4.0|x86.ActiveCfg = Release|Any CPU
		{7C5C6561-7CAE-40FF-91ED-54D598AAC283}.Release 4.5|Any CPU.ActiveCfg = Release|Any CPU
		{7C5C6561-7CAE-40FF-91ED-54D598AAC283}.Release 4.5|Any CPU.Build.0 = Release|Any CPU
		{7C5C6561-7CAE-40FF-91ED-54D598AAC283}.Release 4.5|Mixed Platforms.ActiveCfg = Release|Any CPU
		{7C5C6561-7CAE-40FF-91ED-54D598AAC283}.Release 4.5|Mixed Platforms.Build.0 = Release|Any CPU
		{7C5C6561-7CAE-40FF-91ED-54D598AAC283}.Release 4.5|x86.ActiveCfg = Release|Any CPU
		{7C5C6561-7CAE-40FF-91ED-54D598AAC283}.Release|Any CPU.ActiveCfg = Release|Any CPU
		{7C5C6561-7CAE-40FF-91ED-54D598AAC283}.Release|Any CPU.Build.0 = Release|Any CPU
		{7C5C6561-7CAE-40FF-91ED-54D598AAC283}.Release|Mixed Platforms.ActiveCfg = Release|Any CPU
		{7C5C6561-7CAE-40FF-91ED-54D598AAC283}.Release|Mixed Platforms.Build.0 = Release|Any CPU
		{7C5C6561-7CAE-40FF-91ED-54D598AAC283}.Release|x86.ActiveCfg = Release|Any CPU
		{4159C8D3-C18D-4BED-8BE6-9BAD1B0CA4F6}.Debug|Any CPU.ActiveCfg = Debug|Any CPU
		{4159C8D3-C18D-4BED-8BE6-9BAD1B0CA4F6}.Debug|Any CPU.Build.0 = Debug|Any CPU
		{4159C8D3-C18D-4BED-8BE6-9BAD1B0CA4F6}.Debug|Mixed Platforms.ActiveCfg = Debug|Any CPU
		{4159C8D3-C18D-4BED-8BE6-9BAD1B0CA4F6}.Debug|Mixed Platforms.Build.0 = Debug|Any CPU
		{4159C8D3-C18D-4BED-8BE6-9BAD1B0CA4F6}.Debug|x86.ActiveCfg = Debug|Any CPU
		{4159C8D3-C18D-4BED-8BE6-9BAD1B0CA4F6}.Release 3.0|Any CPU.ActiveCfg = Release|Any CPU
		{4159C8D3-C18D-4BED-8BE6-9BAD1B0CA4F6}.Release 3.0|Any CPU.Build.0 = Release|Any CPU
		{4159C8D3-C18D-4BED-8BE6-9BAD1B0CA4F6}.Release 3.0|Mixed Platforms.ActiveCfg = Release|Any CPU
		{4159C8D3-C18D-4BED-8BE6-9BAD1B0CA4F6}.Release 3.0|Mixed Platforms.Build.0 = Release|Any CPU
		{4159C8D3-C18D-4BED-8BE6-9BAD1B0CA4F6}.Release 3.0|x86.ActiveCfg = Release|Any CPU
		{4159C8D3-C18D-4BED-8BE6-9BAD1B0CA4F6}.Release 3.5|Any CPU.ActiveCfg = Release|Any CPU
		{4159C8D3-C18D-4BED-8BE6-9BAD1B0CA4F6}.Release 3.5|Any CPU.Build.0 = Release|Any CPU
		{4159C8D3-C18D-4BED-8BE6-9BAD1B0CA4F6}.Release 3.5|Mixed Platforms.ActiveCfg = Release|Any CPU
		{4159C8D3-C18D-4BED-8BE6-9BAD1B0CA4F6}.Release 3.5|Mixed Platforms.Build.0 = Release|Any CPU
		{4159C8D3-C18D-4BED-8BE6-9BAD1B0CA4F6}.Release 3.5|x86.ActiveCfg = Release|Any CPU
		{4159C8D3-C18D-4BED-8BE6-9BAD1B0CA4F6}.Release 4.0|Any CPU.ActiveCfg = Release|Any CPU
		{4159C8D3-C18D-4BED-8BE6-9BAD1B0CA4F6}.Release 4.0|Any CPU.Build.0 = Release|Any CPU
		{4159C8D3-C18D-4BED-8BE6-9BAD1B0CA4F6}.Release 4.0|Mixed Platforms.ActiveCfg = Release|Any CPU
		{4159C8D3-C18D-4BED-8BE6-9BAD1B0CA4F6}.Release 4.0|Mixed Platforms.Build.0 = Release|Any CPU
		{4159C8D3-C18D-4BED-8BE6-9BAD1B0CA4F6}.Release 4.0|x86.ActiveCfg = Release|Any CPU
		{4159C8D3-C18D-4BED-8BE6-9BAD1B0CA4F6}.Release 4.5|Any CPU.ActiveCfg = Release|Any CPU
		{4159C8D3-C18D-4BED-8BE6-9BAD1B0CA4F6}.Release 4.5|Any CPU.Build.0 = Release|Any CPU
		{4159C8D3-C18D-4BED-8BE6-9BAD1B0CA4F6}.Release 4.5|Mixed Platforms.ActiveCfg = Release|Any CPU
		{4159C8D3-C18D-4BED-8BE6-9BAD1B0CA4F6}.Release 4.5|Mixed Platforms.Build.0 = Release|Any CPU
		{4159C8D3-C18D-4BED-8BE6-9BAD1B0CA4F6}.Release 4.5|x86.ActiveCfg = Release|Any CPU
		{4159C8D3-C18D-4BED-8BE6-9BAD1B0CA4F6}.Release|Any CPU.ActiveCfg = Release|Any CPU
		{4159C8D3-C18D-4BED-8BE6-9BAD1B0CA4F6}.Release|Any CPU.Build.0 = Release|Any CPU
		{4159C8D3-C18D-4BED-8BE6-9BAD1B0CA4F6}.Release|Mixed Platforms.ActiveCfg = Release|Any CPU
		{4159C8D3-C18D-4BED-8BE6-9BAD1B0CA4F6}.Release|Mixed Platforms.Build.0 = Release|Any CPU
		{4159C8D3-C18D-4BED-8BE6-9BAD1B0CA4F6}.Release|x86.ActiveCfg = Release|Any CPU
		{CD5DA55B-C69B-45C7-AEFE-C9F4990CD873}.Debug|Any CPU.ActiveCfg = Debug|Any CPU
		{CD5DA55B-C69B-45C7-AEFE-C9F4990CD873}.Debug|Any CPU.Build.0 = Debug|Any CPU
		{CD5DA55B-C69B-45C7-AEFE-C9F4990CD873}.Debug|Mixed Platforms.ActiveCfg = Debug|Any CPU
		{CD5DA55B-C69B-45C7-AEFE-C9F4990CD873}.Debug|Mixed Platforms.Build.0 = Debug|Any CPU
		{CD5DA55B-C69B-45C7-AEFE-C9F4990CD873}.Debug|x86.ActiveCfg = Debug|Any CPU
		{CD5DA55B-C69B-45C7-AEFE-C9F4990CD873}.Release 3.0|Any CPU.ActiveCfg = Release|Any CPU
		{CD5DA55B-C69B-45C7-AEFE-C9F4990CD873}.Release 3.0|Any CPU.Build.0 = Release|Any CPU
		{CD5DA55B-C69B-45C7-AEFE-C9F4990CD873}.Release 3.0|Mixed Platforms.ActiveCfg = Release|Any CPU
		{CD5DA55B-C69B-45C7-AEFE-C9F4990CD873}.Release 3.0|Mixed Platforms.Build.0 = Release|Any CPU
		{CD5DA55B-C69B-45C7-AEFE-C9F4990CD873}.Release 3.0|x86.ActiveCfg = Release|Any CPU
		{CD5DA55B-C69B-45C7-AEFE-C9F4990CD873}.Release 3.5|Any CPU.ActiveCfg = Release|Any CPU
		{CD5DA55B-C69B-45C7-AEFE-C9F4990CD873}.Release 3.5|Any CPU.Build.0 = Release|Any CPU
		{CD5DA55B-C69B-45C7-AEFE-C9F4990CD873}.Release 3.5|Mixed Platforms.ActiveCfg = Release|Any CPU
		{CD5DA55B-C69B-45C7-AEFE-C9F4990CD873}.Release 3.5|Mixed Platforms.Build.0 = Release|Any CPU
		{CD5DA55B-C69B-45C7-AEFE-C9F4990CD873}.Release 3.5|x86.ActiveCfg = Release|Any CPU
		{CD5DA55B-C69B-45C7-AEFE-C9F4990CD873}.Release 4.0|Any CPU.ActiveCfg = Release|Any CPU
		{CD5DA55B-C69B-45C7-AEFE-C9F4990CD873}.Release 4.0|Any CPU.Build.0 = Release|Any CPU
		{CD5DA55B-C69B-45C7-AEFE-C9F4990CD873}.Release 4.0|Mixed Platforms.ActiveCfg = Release|Any CPU
		{CD5DA55B-C69B-45C7-AEFE-C9F4990CD873}.Release 4.0|Mixed Platforms.Build.0 = Release|Any CPU
		{CD5DA55B-C69B-45C7-AEFE-C9F4990CD873}.Release 4.0|x86.ActiveCfg = Release|Any CPU
		{CD5DA55B-C69B-45C7-AEFE-C9F4990CD873}.Release 4.5|Any CPU.ActiveCfg = Release|Any CPU
		{CD5DA55B-C69B-45C7-AEFE-C9F4990CD873}.Release 4.5|Any CPU.Build.0 = Release|Any CPU
		{CD5DA55B-C69B-45C7-AEFE-C9F4990CD873}.Release 4.5|Mixed Platforms.ActiveCfg = Release|Any CPU
		{CD5DA55B-C69B-45C7-AEFE-C9F4990CD873}.Release 4.5|Mixed Platforms.Build.0 = Release|Any CPU
		{CD5DA55B-C69B-45C7-AEFE-C9F4990CD873}.Release 4.5|x86.ActiveCfg = Release|Any CPU
		{CD5DA55B-C69B-45C7-AEFE-C9F4990CD873}.Release|Any CPU.ActiveCfg = Release|Any CPU
		{CD5DA55B-C69B-45C7-AEFE-C9F4990CD873}.Release|Any CPU.Build.0 = Release|Any CPU
		{CD5DA55B-C69B-45C7-AEFE-C9F4990CD873}.Release|Mixed Platforms.ActiveCfg = Release|Any CPU
		{CD5DA55B-C69B-45C7-AEFE-C9F4990CD873}.Release|Mixed Platforms.Build.0 = Release|Any CPU
		{CD5DA55B-C69B-45C7-AEFE-C9F4990CD873}.Release|x86.ActiveCfg = Release|Any CPU
		{6DD14A85-CCFC-4774-BD26-0F5772512319}.Debug|Any CPU.ActiveCfg = Debug|Any CPU
		{6DD14A85-CCFC-4774-BD26-0F5772512319}.Debug|Any CPU.Build.0 = Debug|Any CPU
		{6DD14A85-CCFC-4774-BD26-0F5772512319}.Debug|Mixed Platforms.ActiveCfg = Debug|Any CPU
		{6DD14A85-CCFC-4774-BD26-0F5772512319}.Debug|Mixed Platforms.Build.0 = Debug|Any CPU
		{6DD14A85-CCFC-4774-BD26-0F5772512319}.Debug|x86.ActiveCfg = Debug|Any CPU
		{6DD14A85-CCFC-4774-BD26-0F5772512319}.Release 3.0|Any CPU.ActiveCfg = Release|Any CPU
		{6DD14A85-CCFC-4774-BD26-0F5772512319}.Release 3.0|Any CPU.Build.0 = Release|Any CPU
		{6DD14A85-CCFC-4774-BD26-0F5772512319}.Release 3.0|Mixed Platforms.ActiveCfg = Release|Any CPU
		{6DD14A85-CCFC-4774-BD26-0F5772512319}.Release 3.0|Mixed Platforms.Build.0 = Release|Any CPU
		{6DD14A85-CCFC-4774-BD26-0F5772512319}.Release 3.0|x86.ActiveCfg = Release|Any CPU
		{6DD14A85-CCFC-4774-BD26-0F5772512319}.Release 3.5|Any CPU.ActiveCfg = Release|Any CPU
		{6DD14A85-CCFC-4774-BD26-0F5772512319}.Release 3.5|Any CPU.Build.0 = Release|Any CPU
		{6DD14A85-CCFC-4774-BD26-0F5772512319}.Release 3.5|Mixed Platforms.ActiveCfg = Release|Any CPU
		{6DD14A85-CCFC-4774-BD26-0F5772512319}.Release 3.5|Mixed Platforms.Build.0 = Release|Any CPU
		{6DD14A85-CCFC-4774-BD26-0F5772512319}.Release 3.5|x86.ActiveCfg = Release|Any CPU
		{6DD14A85-CCFC-4774-BD26-0F5772512319}.Release 4.0|Any CPU.ActiveCfg = Release|Any CPU
		{6DD14A85-CCFC-4774-BD26-0F5772512319}.Release 4.0|Any CPU.Build.0 = Release|Any CPU
		{6DD14A85-CCFC-4774-BD26-0F5772512319}.Release 4.0|Mixed Platforms.ActiveCfg = Release|Any CPU
		{6DD14A85-CCFC-4774-BD26-0F5772512319}.Release 4.0|Mixed Platforms.Build.0 = Release|Any CPU
		{6DD14A85-CCFC-4774-BD26-0F5772512319}.Release 4.0|x86.ActiveCfg = Release|Any CPU
		{6DD14A85-CCFC-4774-BD26-0F5772512319}.Release 4.5|Any CPU.ActiveCfg = Release|Any CPU
		{6DD14A85-CCFC-4774-BD26-0F5772512319}.Release 4.5|Any CPU.Build.0 = Release|Any CPU
		{6DD14A85-CCFC-4774-BD26-0F5772512319}.Release 4.5|Mixed Platforms.ActiveCfg = Release|Any CPU
		{6DD14A85-CCFC-4774-BD26-0F5772512319}.Release 4.5|Mixed Platforms.Build.0 = Release|Any CPU
		{6DD14A85-CCFC-4774-BD26-0F5772512319}.Release 4.5|x86.ActiveCfg = Release|Any CPU
		{6DD14A85-CCFC-4774-BD26-0F5772512319}.Release|Any CPU.ActiveCfg = Release|Any CPU
		{6DD14A85-CCFC-4774-BD26-0F5772512319}.Release|Any CPU.Build.0 = Release|Any CPU
		{6DD14A85-CCFC-4774-BD26-0F5772512319}.Release|Mixed Platforms.ActiveCfg = Release|Any CPU
		{6DD14A85-CCFC-4774-BD26-0F5772512319}.Release|Mixed Platforms.Build.0 = Release|Any CPU
		{6DD14A85-CCFC-4774-BD26-0F5772512319}.Release|x86.ActiveCfg = Release|Any CPU
		{BD7DA59E-3036-4DAF-BCA9-F90710DCE441}.Debug|Any CPU.ActiveCfg = Debug|x86
		{BD7DA59E-3036-4DAF-BCA9-F90710DCE441}.Debug|Mixed Platforms.ActiveCfg = Debug|x86
		{BD7DA59E-3036-4DAF-BCA9-F90710DCE441}.Debug|Mixed Platforms.Build.0 = Debug|x86
		{BD7DA59E-3036-4DAF-BCA9-F90710DCE441}.Debug|x86.ActiveCfg = Debug|x86
		{BD7DA59E-3036-4DAF-BCA9-F90710DCE441}.Debug|x86.Build.0 = Debug|x86
		{BD7DA59E-3036-4DAF-BCA9-F90710DCE441}.Release 3.0|Any CPU.ActiveCfg = Release|x86
		{BD7DA59E-3036-4DAF-BCA9-F90710DCE441}.Release 3.0|Any CPU.Build.0 = Release|x86
		{BD7DA59E-3036-4DAF-BCA9-F90710DCE441}.Release 3.0|Mixed Platforms.ActiveCfg = Release|x86
		{BD7DA59E-3036-4DAF-BCA9-F90710DCE441}.Release 3.0|Mixed Platforms.Build.0 = Release|x86
		{BD7DA59E-3036-4DAF-BCA9-F90710DCE441}.Release 3.0|x86.ActiveCfg = Release|x86
		{BD7DA59E-3036-4DAF-BCA9-F90710DCE441}.Release 3.0|x86.Build.0 = Release|x86
		{BD7DA59E-3036-4DAF-BCA9-F90710DCE441}.Release 3.5|Any CPU.ActiveCfg = Release|x86
		{BD7DA59E-3036-4DAF-BCA9-F90710DCE441}.Release 3.5|Any CPU.Build.0 = Release|x86
		{BD7DA59E-3036-4DAF-BCA9-F90710DCE441}.Release 3.5|Mixed Platforms.ActiveCfg = Release|x86
		{BD7DA59E-3036-4DAF-BCA9-F90710DCE441}.Release 3.5|Mixed Platforms.Build.0 = Release|x86
		{BD7DA59E-3036-4DAF-BCA9-F90710DCE441}.Release 3.5|x86.ActiveCfg = Release|x86
		{BD7DA59E-3036-4DAF-BCA9-F90710DCE441}.Release 3.5|x86.Build.0 = Release|x86
		{BD7DA59E-3036-4DAF-BCA9-F90710DCE441}.Release 4.0|Any CPU.ActiveCfg = Release|x86
		{BD7DA59E-3036-4DAF-BCA9-F90710DCE441}.Release 4.0|Any CPU.Build.0 = Release|x86
		{BD7DA59E-3036-4DAF-BCA9-F90710DCE441}.Release 4.0|Mixed Platforms.ActiveCfg = Release|x86
		{BD7DA59E-3036-4DAF-BCA9-F90710DCE441}.Release 4.0|Mixed Platforms.Build.0 = Release|x86
		{BD7DA59E-3036-4DAF-BCA9-F90710DCE441}.Release 4.0|x86.ActiveCfg = Release|x86
		{BD7DA59E-3036-4DAF-BCA9-F90710DCE441}.Release 4.0|x86.Build.0 = Release|x86
		{BD7DA59E-3036-4DAF-BCA9-F90710DCE441}.Release 4.5|Any CPU.ActiveCfg = Release|x86
		{BD7DA59E-3036-4DAF-BCA9-F90710DCE441}.Release 4.5|Any CPU.Build.0 = Release|x86
		{BD7DA59E-3036-4DAF-BCA9-F90710DCE441}.Release 4.5|Mixed Platforms.ActiveCfg = Release|x86
		{BD7DA59E-3036-4DAF-BCA9-F90710DCE441}.Release 4.5|Mixed Platforms.Build.0 = Release|x86
		{BD7DA59E-3036-4DAF-BCA9-F90710DCE441}.Release 4.5|x86.ActiveCfg = Release|x86
		{BD7DA59E-3036-4DAF-BCA9-F90710DCE441}.Release 4.5|x86.Build.0 = Release|x86
		{BD7DA59E-3036-4DAF-BCA9-F90710DCE441}.Release|Any CPU.ActiveCfg = Release|x86
		{BD7DA59E-3036-4DAF-BCA9-F90710DCE441}.Release|Mixed Platforms.ActiveCfg = Release|x86
		{BD7DA59E-3036-4DAF-BCA9-F90710DCE441}.Release|Mixed Platforms.Build.0 = Release|x86
		{BD7DA59E-3036-4DAF-BCA9-F90710DCE441}.Release|x86.ActiveCfg = Release|x86
		{BD7DA59E-3036-4DAF-BCA9-F90710DCE441}.Release|x86.Build.0 = Release|x86
		{448C0BF8-8F02-4BB8-9FE2-6AE262AAEF91}.Debug|Any CPU.ActiveCfg = Debug|Any CPU
		{448C0BF8-8F02-4BB8-9FE2-6AE262AAEF91}.Debug|Any CPU.Build.0 = Debug|Any CPU
		{448C0BF8-8F02-4BB8-9FE2-6AE262AAEF91}.Debug|Mixed Platforms.ActiveCfg = Debug|Any CPU
		{448C0BF8-8F02-4BB8-9FE2-6AE262AAEF91}.Debug|Mixed Platforms.Build.0 = Debug|Any CPU
		{448C0BF8-8F02-4BB8-9FE2-6AE262AAEF91}.Debug|x86.ActiveCfg = Debug|Any CPU
		{448C0BF8-8F02-4BB8-9FE2-6AE262AAEF91}.Debug|x86.Build.0 = Debug|Any CPU
		{448C0BF8-8F02-4BB8-9FE2-6AE262AAEF91}.Release 3.0|Any CPU.ActiveCfg = Release|Any CPU
		{448C0BF8-8F02-4BB8-9FE2-6AE262AAEF91}.Release 3.0|Any CPU.Build.0 = Release|Any CPU
		{448C0BF8-8F02-4BB8-9FE2-6AE262AAEF91}.Release 3.0|Mixed Platforms.ActiveCfg = Release|Any CPU
		{448C0BF8-8F02-4BB8-9FE2-6AE262AAEF91}.Release 3.0|Mixed Platforms.Build.0 = Release|Any CPU
		{448C0BF8-8F02-4BB8-9FE2-6AE262AAEF91}.Release 3.0|x86.ActiveCfg = Release|Any CPU
		{448C0BF8-8F02-4BB8-9FE2-6AE262AAEF91}.Release 3.0|x86.Build.0 = Release|Any CPU
		{448C0BF8-8F02-4BB8-9FE2-6AE262AAEF91}.Release 3.5|Any CPU.ActiveCfg = Release|Any CPU
		{448C0BF8-8F02-4BB8-9FE2-6AE262AAEF91}.Release 3.5|Any CPU.Build.0 = Release|Any CPU
		{448C0BF8-8F02-4BB8-9FE2-6AE262AAEF91}.Release 3.5|Mixed Platforms.ActiveCfg = Release|Any CPU
		{448C0BF8-8F02-4BB8-9FE2-6AE262AAEF91}.Release 3.5|Mixed Platforms.Build.0 = Release|Any CPU
		{448C0BF8-8F02-4BB8-9FE2-6AE262AAEF91}.Release 3.5|x86.ActiveCfg = Release|Any CPU
		{448C0BF8-8F02-4BB8-9FE2-6AE262AAEF91}.Release 3.5|x86.Build.0 = Release|Any CPU
		{448C0BF8-8F02-4BB8-9FE2-6AE262AAEF91}.Release 4.0|Any CPU.ActiveCfg = Release|Any CPU
		{448C0BF8-8F02-4BB8-9FE2-6AE262AAEF91}.Release 4.0|Any CPU.Build.0 = Release|Any CPU
		{448C0BF8-8F02-4BB8-9FE2-6AE262AAEF91}.Release 4.0|Mixed Platforms.ActiveCfg = Release|Any CPU
		{448C0BF8-8F02-4BB8-9FE2-6AE262AAEF91}.Release 4.0|Mixed Platforms.Build.0 = Release|Any CPU
		{448C0BF8-8F02-4BB8-9FE2-6AE262AAEF91}.Release 4.0|x86.ActiveCfg = Release|Any CPU
		{448C0BF8-8F02-4BB8-9FE2-6AE262AAEF91}.Release 4.0|x86.Build.0 = Release|Any CPU
		{448C0BF8-8F02-4BB8-9FE2-6AE262AAEF91}.Release 4.5|Any CPU.ActiveCfg = Release|Any CPU
		{448C0BF8-8F02-4BB8-9FE2-6AE262AAEF91}.Release 4.5|Any CPU.Build.0 = Release|Any CPU
		{448C0BF8-8F02-4BB8-9FE2-6AE262AAEF91}.Release 4.5|Mixed Platforms.ActiveCfg = Release|Any CPU
		{448C0BF8-8F02-4BB8-9FE2-6AE262AAEF91}.Release 4.5|Mixed Platforms.Build.0 = Release|Any CPU
		{448C0BF8-8F02-4BB8-9FE2-6AE262AAEF91}.Release 4.5|x86.ActiveCfg = Release|Any CPU
		{448C0BF8-8F02-4BB8-9FE2-6AE262AAEF91}.Release 4.5|x86.Build.0 = Release|Any CPU
		{448C0BF8-8F02-4BB8-9FE2-6AE262AAEF91}.Release|Any CPU.ActiveCfg = Release|Any CPU
		{448C0BF8-8F02-4BB8-9FE2-6AE262AAEF91}.Release|Any CPU.Build.0 = Release|Any CPU
		{448C0BF8-8F02-4BB8-9FE2-6AE262AAEF91}.Release|Mixed Platforms.ActiveCfg = Release|Any CPU
		{448C0BF8-8F02-4BB8-9FE2-6AE262AAEF91}.Release|Mixed Platforms.Build.0 = Release|Any CPU
		{448C0BF8-8F02-4BB8-9FE2-6AE262AAEF91}.Release|x86.ActiveCfg = Release|Any CPU
		{448C0BF8-8F02-4BB8-9FE2-6AE262AAEF91}.Release|x86.Build.0 = Release|Any CPU
	EndGlobalSection
	GlobalSection(SolutionProperties) = preSolution
		HideSolutionNode = FALSE
	EndGlobalSection
	GlobalSection(NestedProjects) = preSolution
		{A9D807B7-8496-4A9F-8309-2708F10C431B} = {45106C92-5F91-4835-9626-E80B507035F4}
		{1D9258DE-19E1-45BD-B18B-51AC46D1B96C} = {45106C92-5F91-4835-9626-E80B507035F4}
		{59BC7605-809F-4420-B2B6-72C4B9F48907} = {45106C92-5F91-4835-9626-E80B507035F4}
		{7C5C6561-7CAE-40FF-91ED-54D598AAC283} = {7B1A83E2-66A3-40CE-8F33-C28B9388B4F8}
		{4159C8D3-C18D-4BED-8BE6-9BAD1B0CA4F6} = {A0486E54-CA18-4628-84E4-0F52B2B77D00}
		{CD5DA55B-C69B-45C7-AEFE-C9F4990CD873} = {A0486E54-CA18-4628-84E4-0F52B2B77D00}
		{6DD14A85-CCFC-4774-BD26-0F5772512319} = {A0486E54-CA18-4628-84E4-0F52B2B77D00}
		{BD7DA59E-3036-4DAF-BCA9-F90710DCE441} = {7B1A83E2-66A3-40CE-8F33-C28B9388B4F8}
		{448C0BF8-8F02-4BB8-9FE2-6AE262AAEF91} = {45106C92-5F91-4835-9626-E80B507035F4}
	EndGlobalSection
EndGlobal
